
Microsoft Visual Studio Solution File, Format Version 12.00
# Visual Studio Version 17
VisualStudioVersion = 17.0.31903.59
MinimumVisualStudioVersion = 10.0.40219.1
Project("{2150E333-8FDC-42A3-9474-1A3956D46DE8}") = "Services", "Services", "{4F147FD1-81C2-4AC2-8F0A-6BA5110A450D}"
EndProject
Project("{FAE04EC0-301F-11D3-BF4B-00C04F79EFBC}") = "ContactManagement.Atualizacao.API", "Services\ContactManagement.Atualizacao.API\ContactManagement.Atualizacao.API.csproj", "{10FFA0EC-AE1F-4BCB-A09C-94B67314ECE5}"
EndProject
Project("{FAE04EC0-301F-11D3-BF4B-00C04F79EFBC}") = "ContactManagement.Cadastro.API", "Services\ContactManagement.Cadastro.API\ContactManagement.Cadastro.API.csproj", "{6A317EE3-79CF-422D-A038-5FEA4590FFBD}"
EndProject
Project("{FAE04EC0-301F-11D3-BF4B-00C04F79EFBC}") = "ContactManagement.Consulta.API", "Services\ContactManagement.Consulta.API\ContactManagement.Consulta.API.csproj", "{C6C8B88A-2D74-49DA-903D-63AE2B3F1DC9}"
EndProject
Project("{FAE04EC0-301F-11D3-BF4B-00C04F79EFBC}") = "ContactManagement.Exclusao.API", "Services\ContactManagement.Exclusao.API\ContactManagement.Exclusao.API.csproj", "{11117AB3-AE08-4716-B458-B72E3546715B}"
EndProject
Project("{FAE04EC0-301F-11D3-BF4B-00C04F79EFBC}") = "ContactManagement.Persistencia.Worker", "Services\ContactManagement.Persistencia.Worker\ContactManagement.Persistencia.Worker.csproj", "{C729E183-3C1D-46A3-A849-02721178D73C}"
EndProject
Project("{2150E333-8FDC-42A3-9474-1A3956D46DE8}") = "Shared", "Shared", "{21890484-1724-44C5-90B2-DC2B8405FA4E}"
EndProject
Project("{FAE04EC0-301F-11D3-BF4B-00C04F79EFBC}") = "ContactManagement.Domain", "Shared\ContactManagement.Domain\ContactManagement.Domain.csproj", "{0DF5DD68-9F0E-426B-8FF9-A7755276400A}"
EndProject
Project("{FAE04EC0-301F-11D3-BF4B-00C04F79EFBC}") = "ContactManagement.Infrastructure", "Shared\ContactManagement.Infrastructure\ContactManagement.Infrastructure.csproj", "{A7EBF527-3A7A-44F9-8517-FD0E832B8DA6}"
EndProject
Project("{FAE04EC0-301F-11D3-BF4B-00C04F79EFBC}") = "ContactManagement.Messages", "Shared\ContactManagement.Messages\ContactManagement.Messages.csproj", "{6704BB4E-E358-4387-B018-36EA83DAFB0F}"
EndProject
Project("{2150E333-8FDC-42A3-9474-1A3956D46DE8}") = "Tests", "Tests", "{B0F049C4-D1BF-4D7F-932E-7A6A9EE608B3}"
EndProject
Project("{FAE04EC0-301F-11D3-BF4B-00C04F79EFBC}") = "ContactManagement.Atualizacao.Tests", "Tests\ContactManagement.Atualizacao.Tests\ContactManagement.Atualizacao.Tests.csproj", "{309DCB02-1113-438C-90BB-F698C2400578}"
EndProject
Project("{FAE04EC0-301F-11D3-BF4B-00C04F79EFBC}") = "ContactManagement.Cadastro.Tests", "Tests\ContactManagement.Cadastro.Tests\ContactManagement.Cadastro.Tests.csproj", "{93E69C51-945C-4AB1-97B3-E2175476AAEB}"
EndProject
Project("{FAE04EC0-301F-11D3-BF4B-00C04F79EFBC}") = "ContactManagement.Consulta.Tests", "Tests\ContactManagement.Consulta.Tests\ContactManagement.Consulta.Tests.csproj", "{14378AA4-1D8E-495A-B115-EF0DA61B72B3}"
EndProject
Project("{FAE04EC0-301F-11D3-BF4B-00C04F79EFBC}") = "ContactManagement.Exclusao.Tests", "Tests\ContactManagement.Exclusao.Tests\ContactManagement.Exclusao.Tests.csproj", "{77BAB5C4-DB4F-4C36-BC6E-FF897F4B2330}"
EndProject
Project("{FAE04EC0-301F-11D3-BF4B-00C04F79EFBC}") = "ContactManagement.IntegrationTests", "Tests\ContactManagement.IntegrationTests\ContactManagement.IntegrationTests.csproj", "{C9F5E404-535B-4133-9E04-B569CA4AD59F}"
EndProject
Project("{FAE04EC0-301F-11D3-BF4B-00C04F79EFBC}") = "ContactManagement.Persistencia.Worker.Tests", "Tests\ContactManagement.Persistencia.Worker.Tests\ContactManagement.Persistencia.Worker.Tests.csproj", "{F154097B-F9A9-412C-B112-4C8A9096F08F}"
EndProject
Global
	GlobalSection(SolutionConfigurationPlatforms) = preSolution
		Debug|Any CPU = Debug|Any CPU
		Release|Any CPU = Release|Any CPU
	EndGlobalSection
	GlobalSection(SolutionProperties) = preSolution
		HideSolutionNode = FALSE
	EndGlobalSection
	GlobalSection(ProjectConfigurationPlatforms) = postSolution
		{10FFA0EC-AE1F-4BCB-A09C-94B67314ECE5}.Debug|Any CPU.ActiveCfg = Debug|Any CPU
		{10FFA0EC-AE1F-4BCB-A09C-94B67314ECE5}.Debug|Any CPU.Build.0 = Debug|Any CPU
		{10FFA0EC-AE1F-4BCB-A09C-94B67314ECE5}.Release|Any CPU.ActiveCfg = Release|Any CPU
		{10FFA0EC-AE1F-4BCB-A09C-94B67314ECE5}.Release|Any CPU.Build.0 = Release|Any CPU
		{6A317EE3-79CF-422D-A038-5FEA4590FFBD}.Debug|Any CPU.ActiveCfg = Debug|Any CPU
		{6A317EE3-79CF-422D-A038-5FEA4590FFBD}.Debug|Any CPU.Build.0 = Debug|Any CPU
		{6A317EE3-79CF-422D-A038-5FEA4590FFBD}.Release|Any CPU.ActiveCfg = Release|Any CPU
		{6A317EE3-79CF-422D-A038-5FEA4590FFBD}.Release|Any CPU.Build.0 = Release|Any CPU
		{C6C8B88A-2D74-49DA-903D-63AE2B3F1DC9}.Debug|Any CPU.ActiveCfg = Debug|Any CPU
		{C6C8B88A-2D74-49DA-903D-63AE2B3F1DC9}.Debug|Any CPU.Build.0 = Debug|Any CPU
		{C6C8B88A-2D74-49DA-903D-63AE2B3F1DC9}.Release|Any CPU.ActiveCfg = Release|Any CPU
		{C6C8B88A-2D74-49DA-903D-63AE2B3F1DC9}.Release|Any CPU.Build.0 = Release|Any CPU
		{11117AB3-AE08-4716-B458-B72E3546715B}.Debug|Any CPU.ActiveCfg = Debug|Any CPU
		{11117AB3-AE08-4716-B458-B72E3546715B}.Debug|Any CPU.Build.0 = Debug|Any CPU
		{11117AB3-AE08-4716-B458-B72E3546715B}.Release|Any CPU.ActiveCfg = Release|Any CPU
		{11117AB3-AE08-4716-B458-B72E3546715B}.Release|Any CPU.Build.0 = Release|Any CPU
		{C729E183-3C1D-46A3-A849-02721178D73C}.Debug|Any CPU.ActiveCfg = Debug|Any CPU
		{C729E183-3C1D-46A3-A849-02721178D73C}.Debug|Any CPU.Build.0 = Debug|Any CPU
		{C729E183-3C1D-46A3-A849-02721178D73C}.Release|Any CPU.ActiveCfg = Release|Any CPU
		{C729E183-3C1D-46A3-A849-02721178D73C}.Release|Any CPU.Build.0 = Release|Any CPU
		{0DF5DD68-9F0E-426B-8FF9-A7755276400A}.Debug|Any CPU.ActiveCfg = Debug|Any CPU
		{0DF5DD68-9F0E-426B-8FF9-A7755276400A}.Debug|Any CPU.Build.0 = Debug|Any CPU
		{0DF5DD68-9F0E-426B-8FF9-A7755276400A}.Release|Any CPU.ActiveCfg = Release|Any CPU
		{0DF5DD68-9F0E-426B-8FF9-A7755276400A}.Release|Any CPU.Build.0 = Release|Any CPU
		{A7EBF527-3A7A-44F9-8517-FD0E832B8DA6}.Debug|Any CPU.ActiveCfg = Debug|Any CPU
		{A7EBF527-3A7A-44F9-8517-FD0E832B8DA6}.Debug|Any CPU.Build.0 = Debug|Any CPU
		{A7EBF527-3A7A-44F9-8517-FD0E832B8DA6}.Release|Any CPU.ActiveCfg = Release|Any CPU
		{A7EBF527-3A7A-44F9-8517-FD0E832B8DA6}.Release|Any CPU.Build.0 = Release|Any CPU
		{6704BB4E-E358-4387-B018-36EA83DAFB0F}.Debug|Any CPU.ActiveCfg = Debug|Any CPU
		{6704BB4E-E358-4387-B018-36EA83DAFB0F}.Debug|Any CPU.Build.0 = Debug|Any CPU
		{6704BB4E-E358-4387-B018-36EA83DAFB0F}.Release|Any CPU.ActiveCfg = Release|Any CPU
		{6704BB4E-E358-4387-B018-36EA83DAFB0F}.Release|Any CPU.Build.0 = Release|Any CPU
		{309DCB02-1113-438C-90BB-F698C2400578}.Debug|Any CPU.ActiveCfg = Debug|Any CPU
		{309DCB02-1113-438C-90BB-F698C2400578}.Debug|Any CPU.Build.0 = Debug|Any CPU
		{309DCB02-1113-438C-90BB-F698C2400578}.Release|Any CPU.ActiveCfg = Release|Any CPU
		{309DCB02-1113-438C-90BB-F698C2400578}.Release|Any CPU.Build.0 = Release|Any CPU
		{93E69C51-945C-4AB1-97B3-E2175476AAEB}.Debug|Any CPU.ActiveCfg = Debug|Any CPU
		{93E69C51-945C-4AB1-97B3-E2175476AAEB}.Debug|Any CPU.Build.0 = Debug|Any CPU
		{93E69C51-945C-4AB1-97B3-E2175476AAEB}.Release|Any CPU.ActiveCfg = Release|Any CPU
		{93E69C51-945C-4AB1-97B3-E2175476AAEB}.Release|Any CPU.Build.0 = Release|Any CPU
		{14378AA4-1D8E-495A-B115-EF0DA61B72B3}.Debug|Any CPU.ActiveCfg = Debug|Any CPU
		{14378AA4-1D8E-495A-B115-EF0DA61B72B3}.Debug|Any CPU.Build.0 = Debug|Any CPU
		{14378AA4-1D8E-495A-B115-EF0DA61B72B3}.Release|Any CPU.ActiveCfg = Release|Any CPU
		{14378AA4-1D8E-495A-B115-EF0DA61B72B3}.Release|Any CPU.Build.0 = Release|Any CPU
		{77BAB5C4-DB4F-4C36-BC6E-FF897F4B2330}.Debug|Any CPU.ActiveCfg = Debug|Any CPU
		{77BAB5C4-DB4F-4C36-BC6E-FF897F4B2330}.Debug|Any CPU.Build.0 = Debug|Any CPU
		{77BAB5C4-DB4F-4C36-BC6E-FF897F4B2330}.Release|Any CPU.ActiveCfg = Release|Any CPU
		{77BAB5C4-DB4F-4C36-BC6E-FF897F4B2330}.Release|Any CPU.Build.0 = Release|Any CPU
		{C9F5E404-535B-4133-9E04-B569CA4AD59F}.Debug|Any CPU.ActiveCfg = Debug|Any CPU
		{C9F5E404-535B-4133-9E04-B569CA4AD59F}.Debug|Any CPU.Build.0 = Debug|Any CPU
		{C9F5E404-535B-4133-9E04-B569CA4AD59F}.Release|Any CPU.ActiveCfg = Release|Any CPU
		{C9F5E404-535B-4133-9E04-B569CA4AD59F}.Release|Any CPU.Build.0 = Release|Any CPU
		{F154097B-F9A9-412C-B112-4C8A9096F08F}.Debug|Any CPU.ActiveCfg = Debug|Any CPU
		{F154097B-F9A9-412C-B112-4C8A9096F08F}.Debug|Any CPU.Build.0 = Debug|Any CPU
		{F154097B-F9A9-412C-B112-4C8A9096F08F}.Release|Any CPU.ActiveCfg = Release|Any CPU
		{F154097B-F9A9-412C-B112-4C8A9096F08F}.Release|Any CPU.Build.0 = Release|Any CPU
	EndGlobalSection
	GlobalSection(NestedProjects) = preSolution
		{10FFA0EC-AE1F-4BCB-A09C-94B67314ECE5} = {4F147FD1-81C2-4AC2-8F0A-6BA5110A450D}
		{6A317EE3-79CF-422D-A038-5FEA4590FFBD} = {4F147FD1-81C2-4AC2-8F0A-6BA5110A450D}
		{C6C8B88A-2D74-49DA-903D-63AE2B3F1DC9} = {4F147FD1-81C2-4AC2-8F0A-6BA5110A450D}
		{11117AB3-AE08-4716-B458-B72E3546715B} = {4F147FD1-81C2-4AC2-8F0A-6BA5110A450D}
		{C729E183-3C1D-46A3-A849-02721178D73C} = {4F147FD1-81C2-4AC2-8F0A-6BA5110A450D}
		{0DF5DD68-9F0E-426B-8FF9-A7755276400A} = {21890484-1724-44C5-90B2-DC2B8405FA4E}
		{A7EBF527-3A7A-44F9-8517-FD0E832B8DA6} = {21890484-1724-44C5-90B2-DC2B8405FA4E}
		{6704BB4E-E358-4387-B018-36EA83DAFB0F} = {21890484-1724-44C5-90B2-DC2B8405FA4E}
		{309DCB02-1113-438C-90BB-F698C2400578} = {B0F049C4-D1BF-4D7F-932E-7A6A9EE608B3}
		{93E69C51-945C-4AB1-97B3-E2175476AAEB} = {B0F049C4-D1BF-4D7F-932E-7A6A9EE608B3}
		{14378AA4-1D8E-495A-B115-EF0DA61B72B3} = {B0F049C4-D1BF-4D7F-932E-7A6A9EE608B3}
		{77BAB5C4-DB4F-4C36-BC6E-FF897F4B2330} = {B0F049C4-D1BF-4D7F-932E-7A6A9EE608B3}
		{C9F5E404-535B-4133-9E04-B569CA4AD59F} = {B0F049C4-D1BF-4D7F-932E-7A6A9EE608B3}
		{F154097B-F9A9-412C-B112-4C8A9096F08F} = {B0F049C4-D1BF-4D7F-932E-7A6A9EE608B3}
	EndGlobalSection
EndGlobal
